
Microsoft Visual Studio Solution File, Format Version 12.00
# Visual Studio Version 17
VisualStudioVersion = 17.2.32616.157
MinimumVisualStudioVersion = 10.0.40219.1
Project("{FAE04EC0-301F-11D3-BF4B-00C04F79EFBC}") = "ProvaGitBiblioteca", "ProvaGitBiblioteca\ProvaGitBiblioteca.csproj", "{E9114E14-8E81-4C55-B39A-46BECE0A7A11}"
EndProject
Global
	GlobalSection(SolutionConfigurationPlatforms) = preSolution
		Debug|Any CPU = Debug|Any CPU
		Release|Any CPU = Release|Any CPU
	EndGlobalSection
	GlobalSection(ProjectConfigurationPlatforms) = postSolution
		{E9114E14-8E81-4C55-B39A-46BECE0A7A11}.Debug|Any CPU.ActiveCfg = Debug|Any CPU
		{E9114E14-8E81-4C55-B39A-46BECE0A7A11}.Debug|Any CPU.Build.0 = Debug|Any CPU
		{E9114E14-8E81-4C55-B39A-46BECE0A7A11}.Release|Any CPU.ActiveCfg = Release|Any CPU
		{E9114E14-8E81-4C55-B39A-46BECE0A7A11}.Release|Any CPU.Build.0 = Release|Any CPU
	EndGlobalSection
	GlobalSection(SolutionProperties) = preSolution
		HideSolutionNode = FALSE
	EndGlobalSection
	GlobalSection(ExtensibilityGlobals) = postSolution
		SolutionGuid = {A95707D3-96E3-4D45-A152-7C5F0FD66D35}
	EndGlobalSection
EndGlobal
